
Microsoft Visual Studio Solution File, Format Version 12.00
# Visual Studio 15
VisualStudioVersion = 15.0.27703.2035
MinimumVisualStudioVersion = 10.0.40219.1
Project("{9A19103F-16F7-4668-BE54-9A1E7A4F7556}") = "JsonToSQL", "JsonToSQL\JsonToSQL.csproj", "{D165EEE5-5292-4AE3-B7DF-F23954C4E8EA}"
EndProject
Project("{FAE04EC0-301F-11D3-BF4B-00C04F79EFBC}") = "JsonToSQLUnitTest", "JsonToSQLUnitTest\JsonToSQLUnitTest.csproj", "{B06D1E4B-2EFD-426A-8DEC-26214499ED36}"
EndProject
Global
	GlobalSection(SolutionConfigurationPlatforms) = preSolution
		Debug|Any CPU = Debug|Any CPU
		Release|Any CPU = Release|Any CPU
	EndGlobalSection
	GlobalSection(ProjectConfigurationPlatforms) = postSolution
		{D165EEE5-5292-4AE3-B7DF-F23954C4E8EA}.Debug|Any CPU.ActiveCfg = Debug|Any CPU
		{D165EEE5-5292-4AE3-B7DF-F23954C4E8EA}.Debug|Any CPU.Build.0 = Debug|Any CPU
		{D165EEE5-5292-4AE3-B7DF-F23954C4E8EA}.Release|Any CPU.ActiveCfg = Release|Any CPU
		{D165EEE5-5292-4AE3-B7DF-F23954C4E8EA}.Release|Any CPU.Build.0 = Release|Any CPU
		{B06D1E4B-2EFD-426A-8DEC-26214499ED36}.Debug|Any CPU.ActiveCfg = Debug|Any CPU
		{B06D1E4B-2EFD-426A-8DEC-26214499ED36}.Debug|Any CPU.Build.0 = Debug|Any CPU
		{B06D1E4B-2EFD-426A-8DEC-26214499ED36}.Release|Any CPU.ActiveCfg = Release|Any CPU
		{B06D1E4B-2EFD-426A-8DEC-26214499ED36}.Release|Any CPU.Build.0 = Release|Any CPU
	EndGlobalSection
	GlobalSection(SolutionProperties) = preSolution
		HideSolutionNode = FALSE
	EndGlobalSection
	GlobalSection(ExtensibilityGlobals) = postSolution
		SolutionGuid = {1C359EBB-9D00-42D9-85C8-618E0E0E8BC6}
	EndGlobalSection
EndGlobal
